PODS:
  - LibSignalClient (0.103.1)

DEPENDENCIES:
  - LibSignalClient (from `https://github.com/signalapp/libsignal.git`, commit `e8cc2dddd578859b4a029c9c94670b24ce2b616a`)

EXTERNAL SOURCES:
  LibSignalClient:
    :commit: e8cc2dddd578859b4a029c9c94670b24ce2b616a
    :git: https://github.com/signalapp/libsignal.git

CHECKOUT OPTIONS:
  LibSignalClient:
    :commit: e8cc2dddd578859b4a029c9c94670b24ce2b616a
    :git: https://github.com/signalapp/libsignal.git

SPEC CHECKSUMS:
  LibSignalClient: cb17aaf709fcb03d6e347d8401a333dbcfd8f688

PODFILE CHECKSUM: 613c7085f4f4b442b6c111cc26c6ba91131f1bed

COCOAPODS: 1.16.2
